
Microsoft Visual Studio Solution File, Format Version 12.00
# Visual Studio Version 17
VisualStudioVersion = 17.4.33213.308
MinimumVisualStudioVersion = 10.0.40219.1
Project("{FAE04EC0-301F-11D3-BF4B-00C04F79EFBC}") = "WhatsApp", "WhatsApp\WhatsApp.csproj", "{2AF89B53-B26B-41C6-9BCC-9B041A5EA0FE}"
EndProject
Global
	GlobalSection(SolutionConfigurationPlatforms) = preSolution
		Debug|Any CPU = Debug|Any CPU
		Release|Any CPU = Release|Any CPU
	EndGlobalSection
	GlobalSection(ProjectConfigurationPlatforms) = postSolution
		{2AF89B53-B26B-41C6-9BCC-9B041A5EA0FE}.Debug|Any CPU.ActiveCfg = Debug|Any CPU
		{2AF89B53-B26B-41C6-9BCC-9B041A5EA0FE}.Debug|Any CPU.Build.0 = Debug|Any CPU
		{2AF89B53-B26B-41C6-9BCC-9B041A5EA0FE}.Release|Any CPU.ActiveCfg = Release|Any CPU
		{2AF89B53-B26B-41C6-9BCC-9B041A5EA0FE}.Release|Any CPU.Build.0 = Release|Any CPU
	EndGlobalSection
	GlobalSection(SolutionProperties) = preSolution
		HideSolutionNode = FALSE
	EndGlobalSection
	GlobalSection(ExtensibilityGlobals) = postSolution
		SolutionGuid = {B9740139-BC02-4178-A3B9-B270709097C6}
	EndGlobalSection
EndGlobal
